PODS:
  - Flutter (1.0.0)
  - flutter_traceroute (0.0.1):
    - Flutter
    - SimpleTracer
  - SimplePing (0.1.1)
  - SimpleTracer (0.1.2):
    - SimplePing

DEPENDENCIES:
  - Flutter (from `Flutter`)
  - flutter_traceroute (from `.symlinks/plugins/flutter_traceroute/ios`)
  - SimplePing (from `https://github.com/Koizeay/SimplePing.git`)
  - SimpleTracer (from `https://github.com/Koizeay/SimpleTracer.git`)

EXTERNAL SOURCES:
  Flutter:
    :path: Flutter
  flutter_traceroute:
    :path: ".symlinks/plugins/flutter_traceroute/ios"
  SimplePing:
    :git: https://github.com/Koizeay/SimplePing.git
  SimpleTracer:
    :git: https://github.com/Koizeay/SimpleTracer.git

CHECKOUT OPTIONS:
  SimplePing:
    :commit: 2ad87bf9b8c145269ee6360ea1132520fbc9ea68
    :git: https://github.com/Koizeay/SimplePing.git
  SimpleTracer:
    :commit: 2140a5f80975a88fda59b780071d716e114b4c0e
    :git: https://github.com/Koizeay/SimpleTracer.git

SPEC CHECKSUMS:
  Flutter: 71a624a5bc0c04062bf19101d501e466baf2fb47
  flutter_traceroute: 96e117db703e503aafb1993a8028dee44a56822b
  SimplePing: dbf76d173000aa470f40ea6a0ddbd09778617b07
  SimpleTracer: b80357fc988d4324805845b13485d55930e485b8

PODFILE CHECKSUM: e5ba65eabd7db207233c9f568b97065dea40cec4

COCOAPODS: 1.17.0
